
Microsoft Visual Studio Solution File, Format Version 12.00
# Visual Studio Version 16
VisualStudioVersion = 16.0.29519.87
MinimumVisualStudioVersion = 10.0.40219.1
Project("{FAE04EC0-301F-11D3-BF4B-00C04F79EFBC}") = "WindowsFormsApp21", "WindowsFormsApp21\WindowsFormsApp21.csproj", "{8984D493-36E2-4387-BFF2-CA90ABBF3371}"
EndProject
Global
	GlobalSection(SolutionConfigurationPlatforms) = preSolution
		Debug|Any CPU = Debug|Any CPU
		Release|Any CPU = Release|Any CPU
	EndGlobalSection
	GlobalSection(ProjectConfigurationPlatforms) = postSolution
		{8984D493-36E2-4387-BFF2-CA90ABBF3371}.Debug|Any CPU.ActiveCfg = Debug|Any CPU
		{8984D493-36E2-4387-BFF2-CA90ABBF3371}.Debug|Any CPU.Build.0 = Debug|Any CPU
		{8984D493-36E2-4387-BFF2-CA90ABBF3371}.Release|Any CPU.ActiveCfg = Release|Any CPU
		{8984D493-36E2-4387-BFF2-CA90ABBF3371}.Release|Any CPU.Build.0 = Release|Any CPU
	EndGlobalSection
	GlobalSection(SolutionProperties) = preSolution
		HideSolutionNode = FALSE
	EndGlobalSection
	GlobalSection(ExtensibilityGlobals) = postSolution
		SolutionGuid = {9B13A9A5-FE04-4210-A5A4-3F032C3F4B98}
	EndGlobalSection
EndGlobal
